{
  "version": 4,
  "terraform_version": "1.2.5",
  "serial": 34,
  "lineage": "1a77a7e5-a4d6-e27c-c514-bc06677c984e",
  "outputs": {},
  "resources": [
    {
      "mode": "managed",
      "type": "google_compute_firewall",
      "name": "ssh-allow",
      "provider": "provider[\"registry.terraform.io/hashicorp/google\"]",
      "instances": [
        {
          "schema_version": 1,
          "attributes": {
            "allow": [
              {
                "ports": [
                  "22"
                ],
                "protocol": "tcp"
              }
            ],
            "creation_timestamp": "2022-07-29T11:36:18.763-07:00",
            "deny": [],
            "description": "",
            "destination_ranges": [],
            "direction": "INGRESS",
            "disabled": false,
            "enable_logging": false,
            "id": "projects/amin-gcp-project-1/global/firewalls/ssh-allow",
            "name": "ssh-allow",
            "network": "https://www.googleapis.com/compute/v1/projects/amin-gcp-project-1/global/networks/my-vpc",
            "priority": 1000,
            "project": "amin-gcp-project-1",
            "self_link": "https://www.googleapis.com/compute/v1/projects/amin-gcp-project-1/global/firewalls/ssh-allow",
            "source_ranges": [
              "35.235.240.0/20"
            ],
            "source_service_accounts": [],
            "source_tags": [],
            "target_service_accounts": [],
            "target_tags": [
              "bastion"
            ],
            "timeouts": null
          },
          "sensitive_attributes": [],
          "private": "eyJlMmJmYjczMC1lY2FhLTExZTYtOGY4OC0zNDM2M2JjN2M0YzAiOnsiY3JlYXRlIjoyNDAwMDAwMDAwMDAsImRlbGV0ZSI6MjQwMDAwMDAwMDAwLCJ1cGRhdGUiOjI0MDAwMDAwMDAwMH0sInNjaGVtYV92ZXJzaW9uIjoiMSJ9",
          "dependencies": [
            "google_compute_network.my-vpc"
          ]
        }
      ]
    },
    {
      "mode": "managed",
      "type": "google_compute_instance",
      "name": "bastion",
      "provider": "provider[\"registry.terraform.io/hashicorp/google\"]",
      "instances": [
        {
          "schema_version": 6,
          "attributes": {
            "allow_stopping_for_update": null,
            "attached_disk": [],
            "boot_disk": [
              {
                "auto_delete": true,
                "device_name": "persistent-disk-0",
                "disk_encryption_key_raw": "",
                "disk_encryption_key_sha256": "",
                "initialize_params": [
                  {
                    "image": "https://www.googleapis.com/compute/v1/projects/ubuntu-os-cloud/global/images/ubuntu-2004-focal-v20220712",
                    "labels": {},
                    "size": 10,
                    "type": "pd-standard"
                  }
                ],
                "kms_key_self_link": "",
                "mode": "READ_WRITE",
                "source": "https://www.googleapis.com/compute/v1/projects/amin-gcp-project-1/zones/europe-west2-a/disks/bastion"
              }
            ],
            "can_ip_forward": false,
            "cpu_platform": "Intel Broadwell",
            "deletion_protection": false,
            "description": "",
            "enable_display": false,
            "guest_accelerator": [],
            "hostname": "",
            "id": "projects/amin-gcp-project-1/zones/europe-west2-a/instances/bastion",
            "instance_id": "8720762850933053782",
            "label_fingerprint": "42WmSpB8rSM=",
            "labels": {},
            "machine_type": "e2-micro",
            "metadata": {},
            "metadata_fingerprint": "rW_8a2mME-M=",
            "metadata_startup_script": "#!/bin/bash\napt update -y\napt upgrade -y\napt install snapd\nsnap install kubectl --classic;",
            "min_cpu_platform": "",
            "name": "bastion",
            "network_interface": [
              {
                "access_config": [],
                "alias_ip_range": [],
                "name": "nic0",
                "network": "https://www.googleapis.com/compute/v1/projects/amin-gcp-project-1/global/networks/my-vpc",
                "network_ip": "10.0.1.2",
                "subnetwork": "https://www.googleapis.com/compute/v1/projects/amin-gcp-project-1/regions/europe-west2/subnetworks/management-subnet",
                "subnetwork_project": "amin-gcp-project-1"
              }
            ],
            "project": "amin-gcp-project-1",
            "scheduling": [
              {
                "automatic_restart": true,
                "node_affinities": [],
                "on_host_maintenance": "MIGRATE",
                "preemptible": false
              }
            ],
            "scratch_disk": [],
            "self_link": "https://www.googleapis.com/compute/v1/projects/amin-gcp-project-1/zones/europe-west2-a/instances/bastion",
            "service_account": [
              {
                "email": "bastion-svc@amin-gcp-project-1.iam.gserviceaccount.com",
                "scopes": [
                  "https://www.googleapis.com/auth/cloud-platform"
                ]
              }
            ],
            "shielded_instance_config": [
              {
                "enable_integrity_monitoring": true,
                "enable_secure_boot": false,
                "enable_vtpm": true
              }
            ],
            "tags": [
              "bastion",
              "management-subnet"
            ],
            "tags_fingerprint": "qYtri4Tb-5o=",
            "timeouts": null,
            "zone": "europe-west2-a"
          },
          "sensitive_attributes": [],
          "private": "eyJlMmJmYjczMC1lY2FhLTExZTYtOGY4OC0zNDM2M2JjN2M0YzAiOnsiY3JlYXRlIjoxMjAwMDAwMDAwMDAwLCJkZWxldGUiOjEyMDAwMDAwMDAwMDAsInVwZGF0ZSI6MTIwMDAwMDAwMDAwMH0sInNjaGVtYV92ZXJzaW9uIjoiNiJ9",
          "dependencies": [
            "google_compute_network.my-vpc",
            "google_compute_subnetwork.management-subnet",
            "google_service_account.bastion-svc"
          ]
        }
      ]
    },
    {
      "mode": "managed",
      "type": "google_compute_network",
      "name": "my-vpc",
      "provider": "provider[\"registry.terraform.io/hashicorp/google\"]",
      "instances": [
        {
          "schema_version": 0,
          "attributes": {
            "auto_create_subnetworks": false,
            "delete_default_routes_on_create": false,
            "description": "This vpc is for gcp project",
            "gateway_ipv4": "",
            "id": "projects/amin-gcp-project-1/global/networks/my-vpc",
            "ipv4_range": null,
            "name": "my-vpc",
            "project": "amin-gcp-project-1",
            "routing_mode": "REGIONAL",
            "self_link": "https://www.googleapis.com/compute/v1/projects/amin-gcp-project-1/global/networks/my-vpc",
            "timeouts": null
          },
          "sensitive_attributes": [],
          "private": "eyJlMmJmYjczMC1lY2FhLTExZTYtOGY4OC0zNDM2M2JjN2M0YzAiOnsiY3JlYXRlIjoyNDAwMDAwMDAwMDAsImRlbGV0ZSI6MjQwMDAwMDAwMDAwLCJ1cGRhdGUiOjI0MDAwMDAwMDAwMH19"
        }
      ]
    },
    {
      "mode": "managed",
      "type": "google_compute_router",
      "name": "my-router",
      "provider": "provider[\"registry.terraform.io/hashicorp/google\"]",
      "instances": [
        {
          "schema_version": 0,
          "attributes": {
            "bgp": [],
            "creation_timestamp": "2022-07-29T11:09:18.691-07:00",
            "description": "",
            "id": "projects/amin-gcp-project-1/regions/europe-west2/routers/my-router",
            "name": "my-router",
            "network": "https://www.googleapis.com/compute/v1/projects/amin-gcp-project-1/global/networks/my-vpc",
            "project": "amin-gcp-project-1",
            "region": "europe-west2",
            "self_link": "https://www.googleapis.com/compute/v1/projects/amin-gcp-project-1/regions/europe-west2/routers/my-router",
            "timeouts": null
          },
          "sensitive_attributes": [],
          "private": "eyJlMmJmYjczMC1lY2FhLTExZTYtOGY4OC0zNDM2M2JjN2M0YzAiOnsiY3JlYXRlIjoyNDAwMDAwMDAwMDAsImRlbGV0ZSI6MjQwMDAwMDAwMDAwLCJ1cGRhdGUiOjI0MDAwMDAwMDAwMH19",
          "dependencies": [
            "google_compute_network.my-vpc"
          ]
        }
      ]
    },
    {
      "mode": "managed",
      "type": "google_compute_router_nat",
      "name": "my-nat",
      "provider": "provider[\"registry.terraform.io/hashicorp/google\"]",
      "instances": [
        {
          "schema_version": 0,
          "attributes": {
            "icmp_idle_timeout_sec": 30,
            "id": "amin-gcp-project-1/europe-west2/my-router/my-nat",
            "log_config": [],
            "min_ports_per_vm": 0,
            "name": "my-nat",
            "nat_ip_allocate_option": "AUTO_ONLY",
            "nat_ips": [],
            "project": "amin-gcp-project-1",
            "region": "europe-west2",
            "router": "my-router",
            "source_subnetwork_ip_ranges_to_nat": "ALL_SUBNETWORKS_ALL_IP_RANGES",
            "subnetwork": [],
            "tcp_established_idle_timeout_sec": 1200,
            "tcp_transitory_idle_timeout_sec": 30,
            "timeouts": null,
            "udp_idle_timeout_sec": 30
          },
          "sensitive_attributes": [],
          "private": "eyJlMmJmYjczMC1lY2FhLTExZTYtOGY4OC0zNDM2M2JjN2M0YzAiOnsiY3JlYXRlIjo2MDAwMDAwMDAwMDAsImRlbGV0ZSI6NjAwMDAwMDAwMDAwLCJ1cGRhdGUiOjYwMDAwMDAwMDAwMH19",
          "dependencies": [
            "google_compute_network.my-vpc",
            "google_compute_router.my-router"
          ]
        }
      ]
    },
    {
      "mode": "managed",
      "type": "google_compute_subnetwork",
      "name": "management-subnet",
      "provider": "provider[\"registry.terraform.io/hashicorp/google\"]",
      "instances": [
        {
          "schema_version": 0,
          "attributes": {
            "creation_timestamp": "2022-07-29T11:09:19.547-07:00",
            "description": "This subnet is for gcp project",
            "enable_flow_logs": null,
            "fingerprint": null,
            "gateway_address": "10.0.1.1",
            "id": "projects/amin-gcp-project-1/regions/europe-west2/subnetworks/management-subnet",
            "ip_cidr_range": "10.0.1.0/24",
            "log_config": [],
            "name": "management-subnet",
            "network": "https://www.googleapis.com/compute/v1/projects/amin-gcp-project-1/global/networks/my-vpc",
            "private_ip_google_access": true,
            "project": "amin-gcp-project-1",
            "region": "europe-west2",
            "secondary_ip_range": [],
            "self_link": "https://www.googleapis.com/compute/v1/projects/amin-gcp-project-1/regions/europe-west2/subnetworks/management-subnet",
            "timeouts": null
          },
          "sensitive_attributes": [],
          "private": "eyJlMmJmYjczMC1lY2FhLTExZTYtOGY4OC0zNDM2M2JjN2M0YzAiOnsiY3JlYXRlIjozNjAwMDAwMDAwMDAsImRlbGV0ZSI6MzYwMDAwMDAwMDAwLCJ1cGRhdGUiOjM2MDAwMDAwMDAwMH19",
          "dependencies": [
            "google_compute_network.my-vpc"
          ]
        }
      ]
    },
    {
      "mode": "managed",
      "type": "google_compute_subnetwork",
      "name": "restricted-subnet",
      "provider": "provider[\"registry.terraform.io/hashicorp/google\"]",
      "instances": [
        {
          "schema_version": 0,
          "attributes": {
            "creation_timestamp": "2022-07-29T11:09:20.713-07:00",
            "description": "This subnet is for gcp project",
            "enable_flow_logs": null,
            "fingerprint": null,
            "gateway_address": "10.0.2.1",
            "id": "projects/amin-gcp-project-1/regions/europe-west2/subnetworks/restricted-subnet",
            "ip_cidr_range": "10.0.2.0/24",
            "log_config": [],
            "name": "restricted-subnet",
            "network": "https://www.googleapis.com/compute/v1/projects/amin-gcp-project-1/global/networks/my-vpc",
            "private_ip_google_access": true,
            "project": "amin-gcp-project-1",
            "region": "europe-west2",
            "secondary_ip_range": [],
            "self_link": "https://www.googleapis.com/compute/v1/projects/amin-gcp-project-1/regions/europe-west2/subnetworks/restricted-subnet",
            "timeouts": null
          },
          "sensitive_attributes": [],
          "private": "eyJlMmJmYjczMC1lY2FhLTExZTYtOGY4OC0zNDM2M2JjN2M0YzAiOnsiY3JlYXRlIjozNjAwMDAwMDAwMDAsImRlbGV0ZSI6MzYwMDAwMDAwMDAwLCJ1cGRhdGUiOjM2MDAwMDAwMDAwMH19",
          "dependencies": [
            "google_compute_network.my-vpc"
          ]
        }
      ]
    },
    {
      "mode": "managed",
      "type": "google_project_iam_binding",
      "name": "bastion-svc-binding",
      "provider": "provider[\"registry.terraform.io/hashicorp/google\"]",
      "instances": [
        {
          "schema_version": 0,
          "attributes": {
            "etag": "BwXk9gWfz0Y=",
            "id": "amin-gcp-project-1/roles/container.admin",
            "members": [
              "serviceAccount:bastion-svc@amin-gcp-project-1.iam.gserviceaccount.com"
            ],
            "project": "amin-gcp-project-1",
            "role": "roles/container.admin"
          },
          "sensitive_attributes": [],
          "private": "bnVsbA==",
          "dependencies": [
            "google_service_account.bastion-svc"
          ]
        }
      ]
    },
    {
      "mode": "managed",
      "type": "google_project_iam_binding",
      "name": "gke-svc-binding",
      "provider": "provider[\"registry.terraform.io/hashicorp/google\"]",
      "instances": [
        {
          "schema_version": 0,
          "attributes": {
            "etag": "BwXk9gWfz0Y=",
            "id": "amin-gcp-project-1/roles/storage.admin",
            "members": [
              "serviceAccount:k8s-svc@amin-gcp-project-1.iam.gserviceaccount.com"
            ],
            "project": "amin-gcp-project-1",
            "role": "roles/storage.admin"
          },
          "sensitive_attributes": [],
          "private": "bnVsbA==",
          "dependencies": [
            "google_service_account.k8s-svc"
          ]
        }
      ]
    },
    {
      "mode": "managed",
      "type": "google_service_account",
      "name": "bastion-svc",
      "provider": "provider[\"registry.terraform.io/hashicorp/google\"]",
      "instances": [
        {
          "schema_version": 0,
          "attributes": {
            "account_id": "bastion-svc",
            "description": "",
            "display_name": "bastion service account",
            "email": "bastion-svc@amin-gcp-project-1.iam.gserviceaccount.com",
            "id": "projects/amin-gcp-project-1/serviceAccounts/bastion-svc@amin-gcp-project-1.iam.gserviceaccount.com",
            "name": "projects/amin-gcp-project-1/serviceAccounts/bastion-svc@amin-gcp-project-1.iam.gserviceaccount.com",
            "project": "amin-gcp-project-1",
            "unique_id": "116956012066217380326"
          },
          "sensitive_attributes": [],
          "private": "bnVsbA=="
        }
      ]
    },
    {
      "mode": "managed",
      "type": "google_service_account",
      "name": "k8s-svc",
      "provider": "provider[\"registry.terraform.io/hashicorp/google\"]",
      "instances": [
        {
          "schema_version": 0,
          "attributes": {
            "account_id": "k8s-svc",
            "description": "",
            "display_name": "k8s service account",
            "email": "k8s-svc@amin-gcp-project-1.iam.gserviceaccount.com",
            "id": "projects/amin-gcp-project-1/serviceAccounts/k8s-svc@amin-gcp-project-1.iam.gserviceaccount.com",
            "name": "projects/amin-gcp-project-1/serviceAccounts/k8s-svc@amin-gcp-project-1.iam.gserviceaccount.com",
            "project": "amin-gcp-project-1",
            "unique_id": "112289330670159049104"
          },
          "sensitive_attributes": [],
          "private": "bnVsbA=="
        }
      ]
    }
  ]
}
